
Microsoft Visual Studio Solution File, Format Version 12.00
# Visual Studio 14
VisualStudioVersion = 14.0.24720.0
MinimumVisualStudioVersion = 10.0.40219.1
Project("{581633EB-B896-402F-8E60-36F3DA191C85}") = "icmx2", "icmx2\icmx2.lsxtproj", "{97FF36B2-BC39-48FF-8A43-E90D182E148B}"
EndProject
Project("{FAE04EC0-301F-11D3-BF4B-00C04F79EFBC}") = "icmx2.Server", "icmx2\icmx2.Server\icmx2.Server.csproj", "{5430992B-3CFD-46A2-9EFF-55198726E9A2}"
EndProject
Project("{262852C6-CD72-467D-83FE-5EEB1973A190}") = "icmx2.HTMLClient", "icmx2\icmx2.HTMLClient\icmx2.HTMLClient.jsproj", "{03765CDB-FF86-4FD4-8391-78C3A93231C0}"
EndProject
Global
	GlobalSection(SolutionConfigurationPlatforms) = preSolution
		Debug|Any CPU = Debug|Any CPU
		Release|Any CPU = Release|Any CPU
	EndGlobalSection
	GlobalSection(ProjectConfigurationPlatforms) = postSolution
		{97FF36B2-BC39-48FF-8A43-E90D182E148B}.Debug|Any CPU.ActiveCfg = Debug|Any CPU
		{97FF36B2-BC39-48FF-8A43-E90D182E148B}.Debug|Any CPU.Build.0 = Debug|Any CPU
		{97FF36B2-BC39-48FF-8A43-E90D182E148B}.Release|Any CPU.ActiveCfg = Release|Any CPU
		{97FF36B2-BC39-48FF-8A43-E90D182E148B}.Release|Any CPU.Build.0 = Release|Any CPU
		{5430992B-3CFD-46A2-9EFF-55198726E9A2}.Debug|Any CPU.ActiveCfg = Debug|Any CPU
		{5430992B-3CFD-46A2-9EFF-55198726E9A2}.Debug|Any CPU.Build.0 = Debug|Any CPU
		{5430992B-3CFD-46A2-9EFF-55198726E9A2}.Release|Any CPU.ActiveCfg = Release|Any CPU
		{5430992B-3CFD-46A2-9EFF-55198726E9A2}.Release|Any CPU.Build.0 = Release|Any CPU
		{03765CDB-FF86-4FD4-8391-78C3A93231C0}.Debug|Any CPU.ActiveCfg = Debug|Any CPU
		{03765CDB-FF86-4FD4-8391-78C3A93231C0}.Debug|Any CPU.Build.0 = Debug|Any CPU
		{03765CDB-FF86-4FD4-8391-78C3A93231C0}.Release|Any CPU.ActiveCfg = Release|Any CPU
		{03765CDB-FF86-4FD4-8391-78C3A93231C0}.Release|Any CPU.Build.0 = Release|Any CPU
	EndGlobalSection
	GlobalSection(SolutionProperties) = preSolution
		HideSolutionNode = FALSE
	EndGlobalSection
EndGlobal
